
Microsoft Visual Studio Solution File, Format Version 12.00
# Visual Studio Version 16
VisualStudioVersion = 16.0.30002.166
MinimumVisualStudioVersion = 10.0.40219.1
Project("{F184B08F-C81C-45F6-A57F-5ABD9991F28F}") = "Modul01_HelloWorld", "HelloWorld\Modul01_HelloWorld.vbproj", "{11CCAD98-8D22-42D5-98D2-9430DE70ECB6}"
EndProject
Project("{F184B08F-C81C-45F6-A57F-5ABD9991F28F}") = "Lab01_MiniRechner", "MiniRechner\Lab01_MiniRechner.vbproj", "{939C9CB8-750E-44AB-9D33-127916121B9A}"
EndProject
Project("{F184B08F-C81C-45F6-A57F-5ABD9991F28F}") = "Modul02.1_Kontrollstruckturen", "Kontrolstruckturen\Modul02.1_Kontrollstruckturen.vbproj", "{FA989452-72EB-43E7-BBD5-CBD17CFB60C6}"
EndProject
Project("{F184B08F-C81C-45F6-A57F-5ABD9991F28F}") = "Modul02.2_ZufallszahlWuerfeln", "ZufallszahlWuerfeln\Modul02.2_ZufallszahlWuerfeln.vbproj", "{DF071036-D185-4E99-8864-48326F5BB03A}"
EndProject
Project("{F184B08F-C81C-45F6-A57F-5ABD9991F28F}") = "Lab02_Lotto", "Lotto\Lab02_Lotto.vbproj", "{149A8C26-3ED9-4D46-8FE1-FCF39F194364}"
EndProject
Project("{F184B08F-C81C-45F6-A57F-5ABD9991F28F}") = "Modul03.1_Enumeratoren", "Enumeratoren\Modul03.1_Enumeratoren.vbproj", "{07222AA9-73B4-49E0-BC96-ECDE0EEBC3F0}"
EndProject
Project("{F184B08F-C81C-45F6-A57F-5ABD9991F28F}") = "Modul03.2_Methoden", "Methoden\Modul03.2_Methoden.vbproj", "{2E1ADC74-9557-445F-B5A2-38629BB1DB10}"
EndProject
Global
	GlobalSection(SolutionConfigurationPlatforms) = preSolution
		Debug|Any CPU = Debug|Any CPU
		Release|Any CPU = Release|Any CPU
	EndGlobalSection
	GlobalSection(ProjectConfigurationPlatforms) = postSolution
		{11CCAD98-8D22-42D5-98D2-9430DE70ECB6}.Debug|Any CPU.ActiveCfg = Debug|Any CPU
		{11CCAD98-8D22-42D5-98D2-9430DE70ECB6}.Debug|Any CPU.Build.0 = Debug|Any CPU
		{11CCAD98-8D22-42D5-98D2-9430DE70ECB6}.Release|Any CPU.ActiveCfg = Release|Any CPU
		{11CCAD98-8D22-42D5-98D2-9430DE70ECB6}.Release|Any CPU.Build.0 = Release|Any CPU
		{939C9CB8-750E-44AB-9D33-127916121B9A}.Debug|Any CPU.ActiveCfg = Debug|Any CPU
		{939C9CB8-750E-44AB-9D33-127916121B9A}.Debug|Any CPU.Build.0 = Debug|Any CPU
		{939C9CB8-750E-44AB-9D33-127916121B9A}.Release|Any CPU.ActiveCfg = Release|Any CPU
		{939C9CB8-750E-44AB-9D33-127916121B9A}.Release|Any CPU.Build.0 = Release|Any CPU
		{FA989452-72EB-43E7-BBD5-CBD17CFB60C6}.Debug|Any CPU.ActiveCfg = Debug|Any CPU
		{FA989452-72EB-43E7-BBD5-CBD17CFB60C6}.Debug|Any CPU.Build.0 = Debug|Any CPU
		{FA989452-72EB-43E7-BBD5-CBD17CFB60C6}.Release|Any CPU.ActiveCfg = Release|Any CPU
		{FA989452-72EB-43E7-BBD5-CBD17CFB60C6}.Release|Any CPU.Build.0 = Release|Any CPU
		{DF071036-D185-4E99-8864-48326F5BB03A}.Debug|Any CPU.ActiveCfg = Debug|Any CPU
		{DF071036-D185-4E99-8864-48326F5BB03A}.Debug|Any CPU.Build.0 = Debug|Any CPU
		{DF071036-D185-4E99-8864-48326F5BB03A}.Release|Any CPU.ActiveCfg = Release|Any CPU
		{DF071036-D185-4E99-8864-48326F5BB03A}.Release|Any CPU.Build.0 = Release|Any CPU
		{149A8C26-3ED9-4D46-8FE1-FCF39F194364}.Debug|Any CPU.ActiveCfg = Debug|Any CPU
		{149A8C26-3ED9-4D46-8FE1-FCF39F194364}.Debug|Any CPU.Build.0 = Debug|Any CPU
		{149A8C26-3ED9-4D46-8FE1-FCF39F194364}.Release|Any CPU.ActiveCfg = Release|Any CPU
		{149A8C26-3ED9-4D46-8FE1-FCF39F194364}.Release|Any CPU.Build.0 = Release|Any CPU
		{07222AA9-73B4-49E0-BC96-ECDE0EEBC3F0}.Debug|Any CPU.ActiveCfg = Debug|Any CPU
		{07222AA9-73B4-49E0-BC96-ECDE0EEBC3F0}.Debug|Any CPU.Build.0 = Debug|Any CPU
		{07222AA9-73B4-49E0-BC96-ECDE0EEBC3F0}.Release|Any CPU.ActiveCfg = Release|Any CPU
		{07222AA9-73B4-49E0-BC96-ECDE0EEBC3F0}.Release|Any CPU.Build.0 = Release|Any CPU
		{2E1ADC74-9557-445F-B5A2-38629BB1DB10}.Debug|Any CPU.ActiveCfg = Debug|Any CPU
		{2E1ADC74-9557-445F-B5A2-38629BB1DB10}.Debug|Any CPU.Build.0 = Debug|Any CPU
		{2E1ADC74-9557-445F-B5A2-38629BB1DB10}.Release|Any CPU.ActiveCfg = Release|Any CPU
		{2E1ADC74-9557-445F-B5A2-38629BB1DB10}.Release|Any CPU.Build.0 = Release|Any CPU
	EndGlobalSection
	GlobalSection(SolutionProperties) = preSolution
		HideSolutionNode = FALSE
	EndGlobalSection
	GlobalSection(ExtensibilityGlobals) = postSolution
		SolutionGuid = {6A33690D-85AA-4780-AE46-6FB0736E5E86}
	EndGlobalSection
EndGlobal
